
Microsoft Visual Studio Solution File, Format Version 12.00
# Visual Studio Version 16
VisualStudioVersion = 16.0.31112.23
MinimumVisualStudioVersion = 10.0.40219.1
Project("{FAE04EC0-301F-11D3-BF4B-00C04F79EFBC}") = "UI.Desktop", "UI.Desktop\UI.Desktop.csproj", "{9F4F9BBB-4A8E-4956-AB56-17356DA5F2FF}"
EndProject
Project("{FAE04EC0-301F-11D3-BF4B-00C04F79EFBC}") = "Business.Logic", "Business.Logic\Business.Logic.csproj", "{23AE62E0-6EFC-494F-A513-1C6EE6A4F622}"
EndProject
Project("{FAE04EC0-301F-11D3-BF4B-00C04F79EFBC}") = "Business.Entities", "Business.Entities\Business.Entities.csproj", "{5F9E13C3-2988-4B33-B794-1CF2EC7C0AE2}"
EndProject
Project("{FAE04EC0-301F-11D3-BF4B-00C04F79EFBC}") = "UI.Web", "UI.Web\UI.Web.csproj", "{C0AF76CD-96C1-4AF9-B2E3-5653DBB9BA76}"
EndProject
Global
	GlobalSection(SolutionConfigurationPlatforms) = preSolution
		Debug|Any CPU = Debug|Any CPU
		Release|Any CPU = Release|Any CPU
	EndGlobalSection
	GlobalSection(ProjectConfigurationPlatforms) = postSolution
		{9F4F9BBB-4A8E-4956-AB56-17356DA5F2FF}.Debug|Any CPU.ActiveCfg = Debug|Any CPU
		{9F4F9BBB-4A8E-4956-AB56-17356DA5F2FF}.Debug|Any CPU.Build.0 = Debug|Any CPU
		{9F4F9BBB-4A8E-4956-AB56-17356DA5F2FF}.Release|Any CPU.ActiveCfg = Release|Any CPU
		{9F4F9BBB-4A8E-4956-AB56-17356DA5F2FF}.Release|Any CPU.Build.0 = Release|Any CPU
		{23AE62E0-6EFC-494F-A513-1C6EE6A4F622}.Debug|Any CPU.ActiveCfg = Debug|Any CPU
		{23AE62E0-6EFC-494F-A513-1C6EE6A4F622}.Debug|Any CPU.Build.0 = Debug|Any CPU
		{23AE62E0-6EFC-494F-A513-1C6EE6A4F622}.Release|Any CPU.ActiveCfg = Release|Any CPU
		{23AE62E0-6EFC-494F-A513-1C6EE6A4F622}.Release|Any CPU.Build.0 = Release|Any CPU
		{5F9E13C3-2988-4B33-B794-1CF2EC7C0AE2}.Debug|Any CPU.ActiveCfg = Debug|Any CPU
		{5F9E13C3-2988-4B33-B794-1CF2EC7C0AE2}.Debug|Any CPU.Build.0 = Debug|Any CPU
		{5F9E13C3-2988-4B33-B794-1CF2EC7C0AE2}.Release|Any CPU.ActiveCfg = Release|Any CPU
		{5F9E13C3-2988-4B33-B794-1CF2EC7C0AE2}.Release|Any CPU.Build.0 = Release|Any CPU
		{C0AF76CD-96C1-4AF9-B2E3-5653DBB9BA76}.Debug|Any CPU.ActiveCfg = Debug|Any CPU
		{C0AF76CD-96C1-4AF9-B2E3-5653DBB9BA76}.Debug|Any CPU.Build.0 = Debug|Any CPU
		{C0AF76CD-96C1-4AF9-B2E3-5653DBB9BA76}.Release|Any CPU.ActiveCfg = Release|Any CPU
		{C0AF76CD-96C1-4AF9-B2E3-5653DBB9BA76}.Release|Any CPU.Build.0 = Release|Any CPU
	EndGlobalSection
	GlobalSection(SolutionProperties) = preSolution
		HideSolutionNode = FALSE
	EndGlobalSection
	GlobalSection(ExtensibilityGlobals) = postSolution
		SolutionGuid = {FD2D8F78-8BDD-4838-B7B9-BAE11065A7E3}
	EndGlobalSection
EndGlobal
